
Microsoft Visual Studio Solution File, Format Version 12.00
# Visual Studio 15
VisualStudioVersion = 15.0.28010.2003
MinimumVisualStudioVersion = 10.0.40219.1
Project("{9A19103F-16F7-4668-BE54-9A1E7A4F7556}") = "BlogExperimentalPlatform.Web", "BlogExperimentalPlatform.Web\BlogExperimentalPlatform.Web.csproj", "{73A354D3-E5E6-4437-8A1B-E4E76EC98E5C}"
EndProject
Project("{9A19103F-16F7-4668-BE54-9A1E7A4F7556}") = "BlogExperimentalPlatform.Business", "BlogExperimentalPlatform.Business\BlogExperimentalPlatform.Business.csproj", "{77A7C2A8-9915-487C-A662-E4B338689BCA}"
EndProject
Project("{9A19103F-16F7-4668-BE54-9A1E7A4F7556}") = "BlogExperimentalPlatform.Data", "BlogExperimentalPlatform.Data\BlogExperimentalPlatform.Data.csproj", "{6EC9C7D4-E3E2-403E-94E0-6C1ACD9907AA}"
EndProject
Project("{9A19103F-16F7-4668-BE54-9A1E7A4F7556}") = "BlogExperimentalPlatform.Business.Test", "BlogExperimentalPlatform.Business.Test\BlogExperimentalPlatform.Business.Test.csproj", "{230A3587-E571-48B4-8C72-4BF341E87A7C}"
EndProject
Project("{9A19103F-16F7-4668-BE54-9A1E7A4F7556}") = "BlogExperimentalPlatform.Utils", "BlogExperimentalPlatform.Utils\BlogExperimentalPlatform.Utils.csproj", "{0FE9C175-D658-4F55-964F-3AA8CD48BE0E}"
EndProject
Project("{9A19103F-16F7-4668-BE54-9A1E7A4F7556}") = "BlogExperimentalPlatform.Data.Test", "BlogExperimentalPlatform.Data.Test\BlogExperimentalPlatform.Data.Test.csproj", "{5BFA05FF-808B-4F05-8DB9-A513A0B0DF92}"
EndProject
Project("{9A19103F-16F7-4668-BE54-9A1E7A4F7556}") = "BlogExperimentalPlatform.Web.Tests", "BlogExperimentalPlatform.Web.Tests\BlogExperimentalPlatform.Web.Tests.csproj", "{717AE22C-37B9-45A4-B665-581061DEDF62}"
EndProject
Project("{FAE04EC0-301F-11D3-BF4B-00C04F79EFBC}") = "BlogExperimentalPlatform.IntegrationTests", "BlogExperimentalPlatform.IntegrationTests\BlogExperimentalPlatform.IntegrationTests.csproj", "{E5AE9A6A-26DC-4C52-87CC-3AE0442CE543}"
EndProject
Global
	GlobalSection(SolutionConfigurationPlatforms) = preSolution
		Debug|Any CPU = Debug|Any CPU
		Release|Any CPU = Release|Any CPU
	EndGlobalSection
	GlobalSection(ProjectConfigurationPlatforms) = postSolution
		{73A354D3-E5E6-4437-8A1B-E4E76EC98E5C}.Debug|Any CPU.ActiveCfg = Debug|Any CPU
		{73A354D3-E5E6-4437-8A1B-E4E76EC98E5C}.Debug|Any CPU.Build.0 = Debug|Any CPU
		{73A354D3-E5E6-4437-8A1B-E4E76EC98E5C}.Release|Any CPU.ActiveCfg = Release|Any CPU
		{73A354D3-E5E6-4437-8A1B-E4E76EC98E5C}.Release|Any CPU.Build.0 = Release|Any CPU
		{77A7C2A8-9915-487C-A662-E4B338689BCA}.Debug|Any CPU.ActiveCfg = Debug|Any CPU
		{77A7C2A8-9915-487C-A662-E4B338689BCA}.Debug|Any CPU.Build.0 = Debug|Any CPU
		{77A7C2A8-9915-487C-A662-E4B338689BCA}.Release|Any CPU.ActiveCfg = Release|Any CPU
		{77A7C2A8-9915-487C-A662-E4B338689BCA}.Release|Any CPU.Build.0 = Release|Any CPU
		{6EC9C7D4-E3E2-403E-94E0-6C1ACD9907AA}.Debug|Any CPU.ActiveCfg = Debug|Any CPU
		{6EC9C7D4-E3E2-403E-94E0-6C1ACD9907AA}.Debug|Any CPU.Build.0 = Debug|Any CPU
		{6EC9C7D4-E3E2-403E-94E0-6C1ACD9907AA}.Release|Any CPU.ActiveCfg = Release|Any CPU
		{6EC9C7D4-E3E2-403E-94E0-6C1ACD9907AA}.Release|Any CPU.Build.0 = Release|Any CPU
		{230A3587-E571-48B4-8C72-4BF341E87A7C}.Debug|Any CPU.ActiveCfg = Debug|Any CPU
		{230A3587-E571-48B4-8C72-4BF341E87A7C}.Debug|Any CPU.Build.0 = Debug|Any CPU
		{230A3587-E571-48B4-8C72-4BF341E87A7C}.Release|Any CPU.ActiveCfg = Release|Any CPU
		{230A3587-E571-48B4-8C72-4BF341E87A7C}.Release|Any CPU.Build.0 = Release|Any CPU
		{0FE9C175-D658-4F55-964F-3AA8CD48BE0E}.Debug|Any CPU.ActiveCfg = Debug|Any CPU
		{0FE9C175-D658-4F55-964F-3AA8CD48BE0E}.Debug|Any CPU.Build.0 = Debug|Any CPU
		{0FE9C175-D658-4F55-964F-3AA8CD48BE0E}.Release|Any CPU.ActiveCfg = Release|Any CPU
		{0FE9C175-D658-4F55-964F-3AA8CD48BE0E}.Release|Any CPU.Build.0 = Release|Any CPU
		{5BFA05FF-808B-4F05-8DB9-A513A0B0DF92}.Debug|Any CPU.ActiveCfg = Debug|Any CPU
		{5BFA05FF-808B-4F05-8DB9-A513A0B0DF92}.Debug|Any CPU.Build.0 = Debug|Any CPU
		{5BFA05FF-808B-4F05-8DB9-A513A0B0DF92}.Release|Any CPU.ActiveCfg = Release|Any CPU
		{5BFA05FF-808B-4F05-8DB9-A513A0B0DF92}.Release|Any CPU.Build.0 = Release|Any CPU
		{717AE22C-37B9-45A4-B665-581061DEDF62}.Debug|Any CPU.ActiveCfg = Debug|Any CPU
		{717AE22C-37B9-45A4-B665-581061DEDF62}.Debug|Any CPU.Build.0 = Debug|Any CPU
		{717AE22C-37B9-45A4-B665-581061DEDF62}.Release|Any CPU.ActiveCfg = Release|Any CPU
		{717AE22C-37B9-45A4-B665-581061DEDF62}.Release|Any CPU.Build.0 = Release|Any CPU
		{E5AE9A6A-26DC-4C52-87CC-3AE0442CE543}.Debug|Any CPU.ActiveCfg = Debug|Any CPU
		{E5AE9A6A-26DC-4C52-87CC-3AE0442CE543}.Debug|Any CPU.Build.0 = Debug|Any CPU
		{E5AE9A6A-26DC-4C52-87CC-3AE0442CE543}.Release|Any CPU.ActiveCfg = Release|Any CPU
		{E5AE9A6A-26DC-4C52-87CC-3AE0442CE543}.Release|Any CPU.Build.0 = Release|Any CPU
	EndGlobalSection
	GlobalSection(SolutionProperties) = preSolution
		HideSolutionNode = FALSE
	EndGlobalSection
	GlobalSection(ExtensibilityGlobals) = postSolution
		SolutionGuid = {6EDEA1CA-2786-4523-B832-268F32DE1076}
	EndGlobalSection
EndGlobal
